
Microsoft Visual Studio Solution File, Format Version 12.00
# Visual Studio Version 17
VisualStudioVersion = 17.2.32616.157
MinimumVisualStudioVersion = 10.0.40219.1
Project("{FAE04EC0-301F-11D3-BF4B-00C04F79EFBC}") = "Api", "Api\Api.csproj", "{00023A55-C83A-4FD6-8021-9FADCB015471}"
EndProject
Project("{FAE04EC0-301F-11D3-BF4B-00C04F79EFBC}") = "Example.BussinesLayer", "Example.BussinesLayer\Example.BussinesLayer.csproj", "{410CFDBA-2B41-4BC0-A7D2-13AFA9656452}"
EndProject
Project("{FAE04EC0-301F-11D3-BF4B-00C04F79EFBC}") = "Example.CORE", "Example.CORE\Example.CORE.csproj", "{7BEACF20-F8B2-4877-BABC-68E31CB783CD}"
EndProject
Project("{FAE04EC0-301F-11D3-BF4B-00C04F79EFBC}") = "Example.Entity", "Example.Entity\Example.Entity.csproj", "{0DF1337D-54BC-4F3D-8693-51BFD452EDA1}"
EndProject
Project("{FAE04EC0-301F-11D3-BF4B-00C04F79EFBC}") = "Example.DataAccessLayer", "Example.DataAccessLayer\Example.DataAccessLayer.csproj", "{906206C5-377B-499F-8772-A27E4C227063}"
EndProject
Global
	GlobalSection(SolutionConfigurationPlatforms) = preSolution
		Debug|Any CPU = Debug|Any CPU
		Release|Any CPU = Release|Any CPU
	EndGlobalSection
	GlobalSection(ProjectConfigurationPlatforms) = postSolution
		{00023A55-C83A-4FD6-8021-9FADCB015471}.Debug|Any CPU.ActiveCfg = Debug|Any CPU
		{00023A55-C83A-4FD6-8021-9FADCB015471}.Debug|Any CPU.Build.0 = Debug|Any CPU
		{00023A55-C83A-4FD6-8021-9FADCB015471}.Release|Any CPU.ActiveCfg = Release|Any CPU
		{00023A55-C83A-4FD6-8021-9FADCB015471}.Release|Any CPU.Build.0 = Release|Any CPU
		{410CFDBA-2B41-4BC0-A7D2-13AFA9656452}.Debug|Any CPU.ActiveCfg = Debug|Any CPU
		{410CFDBA-2B41-4BC0-A7D2-13AFA9656452}.Debug|Any CPU.Build.0 = Debug|Any CPU
		{410CFDBA-2B41-4BC0-A7D2-13AFA9656452}.Release|Any CPU.ActiveCfg = Release|Any CPU
		{410CFDBA-2B41-4BC0-A7D2-13AFA9656452}.Release|Any CPU.Build.0 = Release|Any CPU
		{7BEACF20-F8B2-4877-BABC-68E31CB783CD}.Debug|Any CPU.ActiveCfg = Debug|Any CPU
		{7BEACF20-F8B2-4877-BABC-68E31CB783CD}.Debug|Any CPU.Build.0 = Debug|Any CPU
		{7BEACF20-F8B2-4877-BABC-68E31CB783CD}.Release|Any CPU.ActiveCfg = Release|Any CPU
		{7BEACF20-F8B2-4877-BABC-68E31CB783CD}.Release|Any CPU.Build.0 = Release|Any CPU
		{0DF1337D-54BC-4F3D-8693-51BFD452EDA1}.Debug|Any CPU.ActiveCfg = Debug|Any CPU
		{0DF1337D-54BC-4F3D-8693-51BFD452EDA1}.Debug|Any CPU.Build.0 = Debug|Any CPU
		{0DF1337D-54BC-4F3D-8693-51BFD452EDA1}.Release|Any CPU.ActiveCfg = Release|Any CPU
		{0DF1337D-54BC-4F3D-8693-51BFD452EDA1}.Release|Any CPU.Build.0 = Release|Any CPU
		{906206C5-377B-499F-8772-A27E4C227063}.Debug|Any CPU.ActiveCfg = Debug|Any CPU
		{906206C5-377B-499F-8772-A27E4C227063}.Debug|Any CPU.Build.0 = Debug|Any CPU
		{906206C5-377B-499F-8772-A27E4C227063}.Release|Any CPU.ActiveCfg = Release|Any CPU
		{906206C5-377B-499F-8772-A27E4C227063}.Release|Any CPU.Build.0 = Release|Any CPU
	EndGlobalSection
	GlobalSection(SolutionProperties) = preSolution
		HideSolutionNode = FALSE
	EndGlobalSection
	GlobalSection(ExtensibilityGlobals) = postSolution
		SolutionGuid = {F89AEA3F-01ED-4AA9-B314-9BA2906155D1}
	EndGlobalSection
EndGlobal
